{
  "name": "tldr-api",
  "version": "1.0.0",
  "dependencies": {
    "h4e": {
      "version": "0.3.0",
      "from": "h4e@0.3.0"
    },
    "bcrypt": {
      "version": "0.7.3",
      "from": "https://registry.npmjs.org/bcrypt/-/bcrypt-0.7.3.tgz",
      "resolved": "https://registry.npmjs.org/bcrypt/-/bcrypt-0.7.3.tgz",
      "dependencies": {
        "bindings": {
          "version": "1.0.0",
          "from": "https://registry.npmjs.org/bindings/-/bindings-1.0.0.tgz",
          "resolved": "https://registry.npmjs.org/bindings/-/bindings-1.0.0.tgz"
        }
      }
    },
    "bunyan": {
      "version": "0.7.0",
      "from": "https://registry.npmjs.org/bunyan/-/bunyan-0.7.0.tgz",
      "resolved": "https://registry.npmjs.org/bunyan/-/bunyan-0.7.0.tgz"
    },
    "connect-redis": {
      "version": "1.4.2",
      "from": "connect-redis@1.4.2",
      "dependencies": {
        "redis": {
          "version": "0.7.2",
          "from": "https://registry.npmjs.org/redis/-/redis-0.7.2.tgz",
          "resolved": "https://registry.npmjs.org/redis/-/redis-0.7.2.tgz"
        },
        "debug": {
          "version": "0.7.0",
          "from": "debug@0.7.0"
        }
      }
    },
    "consolidate": {
      "version": "0.3.1",
      "from": "consolidate@0.3.1"
    },
    "express": {
      "version": "3.0.0rc5",
      "from": "https://registry.npmjs.org/express/-/express-3.0.0rc5.tgz",
      "resolved": "https://registry.npmjs.org/express/-/express-3.0.0rc5.tgz",
      "dependencies": {
        "connect": {
          "version": "2.5.0",
          "from": "https://registry.npmjs.org/connect/-/connect-2.5.0.tgz",
          "resolved": "https://registry.npmjs.org/connect/-/connect-2.5.0.tgz",
          "dependencies": {
            "qs": {
              "version": "0.5.1",
              "from": "https://registry.npmjs.org/qs/-/qs-0.5.1.tgz",
              "resolved": "https://registry.npmjs.org/qs/-/qs-0.5.1.tgz"
            },
            "formidable": {
              "version": "1.0.11",
              "from": "https://registry.npmjs.org/formidable/-/formidable-1.0.11.tgz",
              "resolved": "https://registry.npmjs.org/formidable/-/formidable-1.0.11.tgz"
            },
            "bytes": {
              "version": "0.1.0",
              "from": "bytes@0.1.0"
            },
            "send": {
              "version": "0.0.4",
              "from": "send@0.0.4",
              "dependencies": {
                "mime": {
                  "version": "1.2.6",
                  "from": "mime@1.2.6"
                }
              }
            },
            "pause": {
              "version": "0.0.1",
              "from": "pause@0.0.1"
            }
          }
        },
        "commander": {
          "version": "0.6.1",
          "from": "https://registry.npmjs.org/commander/-/commander-0.6.1.tgz",
          "resolved": "https://registry.npmjs.org/commander/-/commander-0.6.1.tgz"
        },
        "range-parser": {
          "version": "0.0.4",
          "from": "range-parser@0.0.4"
        },
        "mkdirp": {
          "version": "0.3.3",
          "from": "https://registry.npmjs.org/mkdirp/-/mkdirp-0.3.3.tgz",
          "resolved": "https://registry.npmjs.org/mkdirp/-/mkdirp-0.3.3.tgz"
        },
        "cookie": {
          "version": "0.0.4",
          "from": "cookie@0.0.4"
        },
        "crc": {
          "version": "0.2.0",
          "from": "crc@0.2.0"
        },
        "fresh": {
          "version": "0.1.0",
          "from": "fresh@0.1.0"
        },
        "methods": {
          "version": "0.0.1",
          "from": "methods@0.0.1"
        },
        "send": {
          "version": "0.1.0",
          "from": "send@0.1.0",
          "dependencies": {
            "mime": {
              "version": "1.2.6",
              "from": "mime@1.2.6"
            }
          }
        },
        "debug": {
          "version": "0.7.2",
          "from": "https://registry.npmjs.org/debug/-/debug-0.7.2.tgz",
          "resolved": "https://registry.npmjs.org/debug/-/debug-0.7.2.tgz"
        }
      }
    },
    "jade": {
      "version": "0.27.2",
      "from": "https://registry.npmjs.org/jade/-/jade-0.27.2.tgz",
      "resolved": "https://registry.npmjs.org/jade/-/jade-0.27.2.tgz",
      "dependencies": {
        "commander": {
          "version": "0.6.1",
          "from": "https://registry.npmjs.org/commander/-/commander-0.6.1.tgz",
          "resolved": "https://registry.npmjs.org/commander/-/commander-0.6.1.tgz"
        },
        "mkdirp": {
          "version": "0.3.0",
          "from": "https://registry.npmjs.org/mkdirp/-/mkdirp-0.3.0.tgz",
          "resolved": "https://registry.npmjs.org/mkdirp/-/mkdirp-0.3.0.tgz"
        }
      }
    },
    "hogan.js": {
      "version": "2.0.0",
      "from": "https://registry.npmjs.org/hogan.js/-/hogan.js-2.0.0.tgz",
      "resolved": "https://registry.npmjs.org/hogan.js/-/hogan.js-2.0.0.tgz"
    },
    "mailchimp": {
      "version": "0.9.1",
      "from": "mailchimp@0.9.1",
      "dependencies": {
        "qs": {
          "version": "0.5.1",
          "from": "https://registry.npmjs.org/qs/-/qs-0.5.1.tgz",
          "resolved": "https://registry.npmjs.org/qs/-/qs-0.5.1.tgz"
        }
      }
    },
    "mongoose": {
      "version": "3.3.1",
      "from": "https://registry.npmjs.org/mongoose/-/mongoose-3.3.1.tgz",
      "resolved": "https://registry.npmjs.org/mongoose/-/mongoose-3.3.1.tgz",
      "dependencies": {
        "hooks": {
          "version": "0.2.1",
          "from": "hooks@0.2.1"
        },
        "mongodb": {
          "version": "1.1.11",
          "from": "https://registry.npmjs.org/mongodb/-/mongodb-1.1.11.tgz",
          "resolved": "https://registry.npmjs.org/mongodb/-/mongodb-1.1.11.tgz",
          "dependencies": {
            "bson": {
              "version": "0.1.5",
              "from": "bson@0.1.5"
            }
          }
        },
        "ms": {
          "version": "0.1.0",
          "from": "https://registry.npmjs.org/ms/-/ms-0.1.0.tgz",
          "resolved": "https://registry.npmjs.org/ms/-/ms-0.1.0.tgz"
        },
        "sliced": {
          "version": "0.0.3",
          "from": "sliced@0.0.3"
        }
      }
    },
    "nodemailer": {
      "version": "0.3.22",
      "from": "https://registry.npmjs.org/nodemailer/-/nodemailer-0.3.22.tgz",
      "resolved": "https://registry.npmjs.org/nodemailer/-/nodemailer-0.3.22.tgz",
      "dependencies": {
        "mailcomposer": {
          "version": "0.1.19",
          "from": "mailcomposer@0.1.19",
          "dependencies": {
            "mimelib": {
              "version": "0.2.6",
              "from": "mimelib@0.2.6",
              "dependencies": {
                "encoding": {
                  "version": "0.1.4",
                  "from": "encoding@0.1.4",
                  "dependencies": {
                    "iconv-lite": {
                      "version": "0.2.5",
                      "from": "iconv-lite@0.2.5",
                      "resolved": "https://registry.npmjs.org/iconv-lite/-/iconv-lite-0.2.5.tgz"
                    },
                    "iconv": {
                      "version": "1.2.3",
                      "from": "https://registry.npmjs.org/iconv/-/iconv-1.2.3.tgz",
                      "resolved": "https://registry.npmjs.org/iconv/-/iconv-1.2.3.tgz"
                    }
                  }
                },
                "addressparser": {
                  "version": "0.1.2",
                  "from": "addressparser@0.1.2"
                }
              }
            }
          }
        },
        "simplesmtp": {
          "version": "0.1.24",
          "from": "simplesmtp@0.1.24",
          "dependencies": {
            "rai": {
              "version": "0.1.6",
              "from": "rai@0.1.6"
            },
            "xoauth2": {
              "version": "0.1.2",
              "from": "https://registry.npmjs.org/xoauth2/-/xoauth2-0.1.2.tgz",
              "resolved": "https://registry.npmjs.org/xoauth2/-/xoauth2-0.1.2.tgz"
            }
          }
        }
      }
    },
    "node-redis-pubsub": {
      "version": "0.1.1",
      "from": "node-redis-pubsub@0.1.1"
    },
    "passport": {
      "version": "0.1.10",
      "from": "https://registry.npmjs.org/passport/-/passport-0.1.10.tgz",
      "resolved": "https://registry.npmjs.org/passport/-/passport-0.1.10.tgz",
      "dependencies": {
        "pkginfo": {
          "version": "0.2.3",
          "from": "pkginfo@0.2.3"
        }
      }
    },
    "passport-local": {
      "version": "0.1.3",
      "from": "passport-local@0.1.3",
      "dependencies": {
        "pkginfo": {
          "version": "0.2.3",
          "from": "pkginfo@0.2.3"
        }
      }
    },
    "underscore": {
      "version": "1.4.2",
      "from": "https://registry.npmjs.org/underscore/-/underscore-1.4.2.tgz",
      "resolved": "https://registry.npmjs.org/underscore/-/underscore-1.4.2.tgz"
    },
    "validator": {
      "version": "0.4.11",
      "from": "https://registry.npmjs.org/validator/-/validator-0.4.11.tgz",
      "resolved": "https://registry.npmjs.org/validator/-/validator-0.4.11.tgz"
    },
    "marked": {
      "version": "0.2.5",
      "from": "https://registry.npmjs.org/marked/-/marked-0.2.5.tgz",
      "resolved": "https://registry.npmjs.org/marked/-/marked-0.2.5.tgz"
    },
    "redis": {
      "version": "0.8.2",
      "from": "https://registry.npmjs.org/redis/-/redis-0.8.2.tgz",
      "resolved": "https://registry.npmjs.org/redis/-/redis-0.8.2.tgz"
    },
    "hiredis": {
      "version": "0.1.14",
      "from": "https://registry.npmjs.org/hiredis/-/hiredis-0.1.14.tgz",
      "resolved": "https://registry.npmjs.org/hiredis/-/hiredis-0.1.14.tgz"
    },
    "request": {
      "version": "2.9.203",
      "from": "https://registry.npmjs.org/request/-/request-2.9.203.tgz",
      "resolved": "https://registry.npmjs.org/request/-/request-2.9.203.tgz"
    },
    "passport-google": {
      "version": "0.2.0",
      "from": "passport-google@0.2.0",
      "dependencies": {
        "pkginfo": {
          "version": "0.2.3",
          "from": "pkginfo@0.2.3"
        },
        "passport-openid": {
          "version": "0.2.3",
          "from": "passport-openid@0.2.3",
          "dependencies": {
            "openid": {
              "version": "0.4.2",
              "from": "openid@0.4.2"
            }
          }
        }
      }
    },
    "async": {
      "version": "0.2.5",
      "from": "https://registry.npmjs.org/async/-/async-0.2.5.tgz",
      "resolved": "https://registry.npmjs.org/async/-/async-0.2.5.tgz"
    },
    "diff": {
      "version": "1.0.4",
      "from": "diff@1.0.4"
    },
    "underscore.string": {
      "version": "2.3.1",
      "from": "https://registry.npmjs.org/underscore.string/-/underscore.string-2.3.1.tgz",
      "resolved": "https://registry.npmjs.org/underscore.string/-/underscore.string-2.3.1.tgz"
    },
    "moment": {
      "version": "2.0.0",
      "from": "https://registry.npmjs.org/moment/-/moment-2.0.0.tgz",
      "resolved": "https://registry.npmjs.org/moment/-/moment-2.0.0.tgz"
    },
    "express-group-handlers": {
      "version": "0.1.0",
      "from": "https://registry.npmjs.org/express-group-handlers/-/express-group-handlers-0.1.0.tgz",
      "resolved": "https://registry.npmjs.org/express-group-handlers/-/express-group-handlers-0.1.0.tgz",
      "dependencies": {
        "methods": {
          "version": "0.0.1",
          "from": "methods@0.0.1"
        }
      }
    },
    "ua-parser": {
      "version": "0.3.1",
      "from": "https://registry.npmjs.org/ua-parser/-/ua-parser-0.3.1.tgz",
      "resolved": "https://registry.npmjs.org/ua-parser/-/ua-parser-0.3.1.tgz",
      "dependencies": {
        "yamlparser": {
          "version": "0.0.2",
          "from": "https://registry.npmjs.org/yamlparser/-/yamlparser-0.0.2.tgz",
          "resolved": "https://registry.npmjs.org/yamlparser/-/yamlparser-0.0.2.tgz"
        }
      }
    },
    "geoip-lite": {
      "version": "1.0.10",
      "from": "https://registry.npmjs.org/geoip-lite/-/geoip-lite-1.0.10.tgz",
      "resolved": "https://registry.npmjs.org/geoip-lite/-/geoip-lite-1.0.10.tgz"
    },
    "cheerio": {
      "version": "0.11.0",
      "from": "cheerio@",
      "resolved": "https://registry.npmjs.org/cheerio/-/cheerio-0.11.0.tgz",
      "dependencies": {
        "cheerio-select": {
          "version": "0.0.3",
          "from": "cheerio-select@*",
          "dependencies": {
            "CSSselect": {
              "version": "0.3.1",
              "from": "CSSselect@0.x",
              "dependencies": {
                "CSSwhat": {
                  "version": "0.1.1",
                  "from": "CSSwhat@>= 0.1"
                }
              }
            }
          }
        },
        "htmlparser2": {
          "version": "2.6.0",
          "from": "htmlparser2@2.x",
          "dependencies": {
            "domhandler": {
              "version": "2.0.3",
              "from": "domhandler@2.0"
            },
            "domutils": {
              "version": "1.0.1",
              "from": "domutils@1.0"
            },
            "domelementtype": {
              "version": "1.1.1",
              "from": "domelementtype@1"
            }
          }
        },
        "entities": {
          "version": "0.2.2",
          "from": "entities@0.x",
          "resolved": "https://registry.npmjs.org/entities/-/entities-0.2.2.tgz"
        }
      }
    },
    "exec-time": {
      "version": "0.0.2",
      "from": "exec-time@",
      "resolved": "https://registry.npmjs.org/exec-time/-/exec-time-0.0.2.tgz"
    },
    "sinon": {
      "version": "1.3.4",
      "from": "sinon@1.3.4"
    },
    "chai": {
      "version": "1.0.4",
      "from": "chai@1.0.4"
    },
    "mocha": {
      "version": "1.4.2",
      "from": "https://registry.npmjs.org/mocha/-/mocha-1.4.2.tgz",
      "resolved": "https://registry.npmjs.org/mocha/-/mocha-1.4.2.tgz",
      "dependencies": {
        "commander": {
          "version": "0.6.1",
          "from": "https://registry.npmjs.org/commander/-/commander-0.6.1.tgz",
          "resolved": "https://registry.npmjs.org/commander/-/commander-0.6.1.tgz"
        },
        "growl": {
          "version": "1.5.1",
          "from": "growl@1.5.1"
        },
        "jade": {
          "version": "0.26.3",
          "from": "https://registry.npmjs.org/jade/-/jade-0.26.3.tgz",
          "resolved": "https://registry.npmjs.org/jade/-/jade-0.26.3.tgz",
          "dependencies": {
            "mkdirp": {
              "version": "0.3.0",
              "from": "https://registry.npmjs.org/mkdirp/-/mkdirp-0.3.0.tgz",
              "resolved": "https://registry.npmjs.org/mkdirp/-/mkdirp-0.3.0.tgz"
            }
          }
        },
        "diff": {
          "version": "1.0.2",
          "from": "diff@1.0.2"
        },
        "debug": {
          "version": "0.7.0",
          "from": "debug@0.7.0"
        },
        "mkdirp": {
          "version": "0.3.3",
          "from": "https://registry.npmjs.org/mkdirp/-/mkdirp-0.3.3.tgz",
          "resolved": "https://registry.npmjs.org/mkdirp/-/mkdirp-0.3.3.tgz"
        }
      }
    }
  }
}
